Microsoft Visual Studio Solution File, Format Version 12.00
# Visual Studio 14
Project("{8BC9CEB8-8B4A-11D0-8D11-00A0C91BC942}") = "ALL_BUILD", "ALL_BUILD.vcxproj", "{98480C22-9E6D-3FDD-A8D5-C306EAB1FF51}"
	ProjectSection(ProjectDependencies) = postProject
		{97BB1996-8FA3-3C6B-B3F3-9B5D16B62CF5} = {97BB1996-8FA3-3C6B-B3F3-9B5D16B62CF5}
		{F3D408BA-24B3-30C5-BAC5-E1C22E917D91} = {F3D408BA-24B3-30C5-BAC5-E1C22E917D91}
		{0B920EF1-2665-3DF6-AD7A-82271F3BBC6D} = {0B920EF1-2665-3DF6-AD7A-82271F3BBC6D}
		{C2C43518-8803-3A89-A229-47424FA54551} = {C2C43518-8803-3A89-A229-47424FA54551}
		{A400E393-0F43-3F9F-B126-C71D867EAEC9} = {A400E393-0F43-3F9F-B126-C71D867EAEC9}
	EndProjectSection
EndProject
Project("{8BC9CEB8-8B4A-11D0-8D11-00A0C91BC942}") = "INSTALL", "INSTALL.vcxproj", "{E85D962B-336B-3135-B579-D02E2E522A73}"
	ProjectSection(ProjectDependencies) = postProject
		{98480C22-9E6D-3FDD-A8D5-C306EAB1FF51} = {98480C22-9E6D-3FDD-A8D5-C306EAB1FF51}
		{97BB1996-8FA3-3C6B-B3F3-9B5D16B62CF5} = {97BB1996-8FA3-3C6B-B3F3-9B5D16B62CF5}
	EndProjectSection
EndProject
Project("{8BC9CEB8-8B4A-11D0-8D11-00A0C91BC942}") = "PACKAGE", "PACKAGE.vcxproj", "{BD08CFE1-0BB3-3BE5-A1C1-4FABB3718176}"
	ProjectSection(ProjectDependencies) = postProject
		{98480C22-9E6D-3FDD-A8D5-C306EAB1FF51} = {98480C22-9E6D-3FDD-A8D5-C306EAB1FF51}
		{97BB1996-8FA3-3C6B-B3F3-9B5D16B62CF5} = {97BB1996-8FA3-3C6B-B3F3-9B5D16B62CF5}
	EndProjectSection
EndProject
Project("{8BC9CEB8-8B4A-11D0-8D11-00A0C91BC942}") = "ZERO_CHECK", "ZERO_CHECK.vcxproj", "{97BB1996-8FA3-3C6B-B3F3-9B5D16B62CF5}"
	ProjectSection(ProjectDependencies) = postProject
	EndProjectSection
EndProject
Project("{8BC9CEB8-8B4A-11D0-8D11-00A0C91BC942}") = "doublefann", "src\doublefann.vcxproj", "{F3D408BA-24B3-30C5-BAC5-E1C22E917D91}"
	ProjectSection(ProjectDependencies) = postProject
		{97BB1996-8FA3-3C6B-B3F3-9B5D16B62CF5} = {97BB1996-8FA3-3C6B-B3F3-9B5D16B62CF5}
	EndProjectSection
EndProject
Project("{8BC9CEB8-8B4A-11D0-8D11-00A0C91BC942}") = "fann", "src\fann.vcxproj", "{0B920EF1-2665-3DF6-AD7A-82271F3BBC6D}"
	ProjectSection(ProjectDependencies) = postProject
		{97BB1996-8FA3-3C6B-B3F3-9B5D16B62CF5} = {97BB1996-8FA3-3C6B-B3F3-9B5D16B62CF5}
	EndProjectSection
EndProject
Project("{8BC9CEB8-8B4A-11D0-8D11-00A0C91BC942}") = "fixedfann", "src\fixedfann.vcxproj", "{C2C43518-8803-3A89-A229-47424FA54551}"
	ProjectSection(ProjectDependencies) = postProject
		{97BB1996-8FA3-3C6B-B3F3-9B5D16B62CF5} = {97BB1996-8FA3-3C6B-B3F3-9B5D16B62CF5}
	EndProjectSection
EndProject
Project("{8BC9CEB8-8B4A-11D0-8D11-00A0C91BC942}") = "floatfann", "src\floatfann.vcxproj", "{A400E393-0F43-3F9F-B126-C71D867EAEC9}"
	ProjectSection(ProjectDependencies) = postProject
		{97BB1996-8FA3-3C6B-B3F3-9B5D16B62CF5} = {97BB1996-8FA3-3C6B-B3F3-9B5D16B62CF5}
	EndProjectSection
EndProject
Global
	GlobalSection(SolutionConfigurationPlatforms) = preSolution
		Debug|Win32 = Debug|Win32
		Release|Win32 = Release|Win32
		MinSizeRel|Win32 = MinSizeRel|Win32
		RelWithDebInfo|Win32 = RelWithDebInfo|Win32
	EndGlobalSection
	GlobalSection(ProjectConfigurationPlatforms) = postSolution
		{98480C22-9E6D-3FDD-A8D5-C306EAB1FF51}.Debug|Win32.ActiveCfg = Debug|Win32
		{98480C22-9E6D-3FDD-A8D5-C306EAB1FF51}.Debug|Win32.Build.0 = Debug|Win32
		{98480C22-9E6D-3FDD-A8D5-C306EAB1FF51}.Release|Win32.ActiveCfg = Release|Win32
		{98480C22-9E6D-3FDD-A8D5-C306EAB1FF51}.Release|Win32.Build.0 = Release|Win32
		{98480C22-9E6D-3FDD-A8D5-C306EAB1FF51}.MinSizeRel|Win32.ActiveCfg = MinSizeRel|Win32
		{98480C22-9E6D-3FDD-A8D5-C306EAB1FF51}.MinSizeRel|Win32.Build.0 = MinSizeRel|Win32
		{98480C22-9E6D-3FDD-A8D5-C306EAB1FF51}.RelWithDebInfo|Win32.ActiveCfg = RelWithDebInfo|Win32
		{98480C22-9E6D-3FDD-A8D5-C306EAB1FF51}.RelWithDebInfo|Win32.Build.0 = RelWithDebInfo|Win32
		{E85D962B-336B-3135-B579-D02E2E522A73}.Debug|Win32.ActiveCfg = Debug|Win32
		{E85D962B-336B-3135-B579-D02E2E522A73}.Release|Win32.ActiveCfg = Release|Win32
		{E85D962B-336B-3135-B579-D02E2E522A73}.MinSizeRel|Win32.ActiveCfg = MinSizeRel|Win32
		{E85D962B-336B-3135-B579-D02E2E522A73}.RelWithDebInfo|Win32.ActiveCfg = RelWithDebInfo|Win32
		{BD08CFE1-0BB3-3BE5-A1C1-4FABB3718176}.Debug|Win32.ActiveCfg = Debug|Win32
		{BD08CFE1-0BB3-3BE5-A1C1-4FABB3718176}.Release|Win32.ActiveCfg = Release|Win32
		{BD08CFE1-0BB3-3BE5-A1C1-4FABB3718176}.MinSizeRel|Win32.ActiveCfg = MinSizeRel|Win32
		{BD08CFE1-0BB3-3BE5-A1C1-4FABB3718176}.RelWithDebInfo|Win32.ActiveCfg = RelWithDebInfo|Win32
		{97BB1996-8FA3-3C6B-B3F3-9B5D16B62CF5}.Debug|Win32.ActiveCfg = Debug|Win32
		{97BB1996-8FA3-3C6B-B3F3-9B5D16B62CF5}.Debug|Win32.Build.0 = Debug|Win32
		{97BB1996-8FA3-3C6B-B3F3-9B5D16B62CF5}.Release|Win32.ActiveCfg = Release|Win32
		{97BB1996-8FA3-3C6B-B3F3-9B5D16B62CF5}.Release|Win32.Build.0 = Release|Win32
		{97BB1996-8FA3-3C6B-B3F3-9B5D16B62CF5}.MinSizeRel|Win32.ActiveCfg = MinSizeRel|Win32
		{97BB1996-8FA3-3C6B-B3F3-9B5D16B62CF5}.MinSizeRel|Win32.Build.0 = MinSizeRel|Win32
		{97BB1996-8FA3-3C6B-B3F3-9B5D16B62CF5}.RelWithDebInfo|Win32.ActiveCfg = RelWithDebInfo|Win32
		{97BB1996-8FA3-3C6B-B3F3-9B5D16B62CF5}.RelWithDebInfo|Win32.Build.0 = RelWithDebInfo|Win32
		{F3D408BA-24B3-30C5-BAC5-E1C22E917D91}.Debug|Win32.ActiveCfg = Debug|Win32
		{F3D408BA-24B3-30C5-BAC5-E1C22E917D91}.Debug|Win32.Build.0 = Debug|Win32
		{F3D408BA-24B3-30C5-BAC5-E1C22E917D91}.Release|Win32.ActiveCfg = Release|Win32
		{F3D408BA-24B3-30C5-BAC5-E1C22E917D91}.Release|Win32.Build.0 = Release|Win32
		{F3D408BA-24B3-30C5-BAC5-E1C22E917D91}.MinSizeRel|Win32.ActiveCfg = MinSizeRel|Win32
		{F3D408BA-24B3-30C5-BAC5-E1C22E917D91}.MinSizeRel|Win32.Build.0 = MinSizeRel|Win32
		{F3D408BA-24B3-30C5-BAC5-E1C22E917D91}.RelWithDebInfo|Win32.ActiveCfg = RelWithDebInfo|Win32
		{F3D408BA-24B3-30C5-BAC5-E1C22E917D91}.RelWithDebInfo|Win32.Build.0 = RelWithDebInfo|Win32
		{0B920EF1-2665-3DF6-AD7A-82271F3BBC6D}.Debug|Win32.ActiveCfg = Debug|Win32
		{0B920EF1-2665-3DF6-AD7A-82271F3BBC6D}.Debug|Win32.Build.0 = Debug|Win32
		{0B920EF1-2665-3DF6-AD7A-82271F3BBC6D}.Release|Win32.ActiveCfg = Release|Win32
		{0B920EF1-2665-3DF6-AD7A-82271F3BBC6D}.Release|Win32.Build.0 = Release|Win32
		{0B920EF1-2665-3DF6-AD7A-82271F3BBC6D}.MinSizeRel|Win32.ActiveCfg = MinSizeRel|Win32
		{0B920EF1-2665-3DF6-AD7A-82271F3BBC6D}.MinSizeRel|Win32.Build.0 = MinSizeRel|Win32
		{0B920EF1-2665-3DF6-AD7A-82271F3BBC6D}.RelWithDebInfo|Win32.ActiveCfg = RelWithDebInfo|Win32
		{0B920EF1-2665-3DF6-AD7A-82271F3BBC6D}.RelWithDebInfo|Win32.Build.0 = RelWithDebInfo|Win32
		{C2C43518-8803-3A89-A229-47424FA54551}.Debug|Win32.ActiveCfg = Debug|Win32
		{C2C43518-8803-3A89-A229-47424FA54551}.Debug|Win32.Build.0 = Debug|Win32
		{C2C43518-8803-3A89-A229-47424FA54551}.Release|Win32.ActiveCfg = Release|Win32
		{C2C43518-8803-3A89-A229-47424FA54551}.Release|Win32.Build.0 = Release|Win32
		{C2C43518-8803-3A89-A229-47424FA54551}.MinSizeRel|Win32.ActiveCfg = MinSizeRel|Win32
		{C2C43518-8803-3A89-A229-47424FA54551}.MinSizeRel|Win32.Build.0 = MinSizeRel|Win32
		{C2C43518-8803-3A89-A229-47424FA54551}.RelWithDebInfo|Win32.ActiveCfg = RelWithDebInfo|Win32
		{C2C43518-8803-3A89-A229-47424FA54551}.RelWithDebInfo|Win32.Build.0 = RelWithDebInfo|Win32
		{A400E393-0F43-3F9F-B126-C71D867EAEC9}.Debug|Win32.ActiveCfg = Debug|Win32
		{A400E393-0F43-3F9F-B126-C71D867EAEC9}.Debug|Win32.Build.0 = Debug|Win32
		{A400E393-0F43-3F9F-B126-C71D867EAEC9}.Release|Win32.ActiveCfg = Release|Win32
		{A400E393-0F43-3F9F-B126-C71D867EAEC9}.Release|Win32.Build.0 = Release|Win32
		{A400E393-0F43-3F9F-B126-C71D867EAEC9}.MinSizeRel|Win32.ActiveCfg = MinSizeRel|Win32
		{A400E393-0F43-3F9F-B126-C71D867EAEC9}.MinSizeRel|Win32.Build.0 = MinSizeRel|Win32
		{A400E393-0F43-3F9F-B126-C71D867EAEC9}.RelWithDebInfo|Win32.ActiveCfg = RelWithDebInfo|Win32
		{A400E393-0F43-3F9F-B126-C71D867EAEC9}.RelWithDebInfo|Win32.Build.0 = RelWithDebInfo|Win32
	EndGlobalSection
	GlobalSection(ExtensibilityGlobals) = postSolution
	EndGlobalSection
	GlobalSection(ExtensibilityAddIns) = postSolution
	EndGlobalSection
EndGlobal
